github.com/team-durumi/hugo-search-fuse-js-aa v0.0.0-20210628094619-e3ae4cfbf0b6 h1:PboSCXkAHe8rxzNniAMCa+kLbn84IqoZYTb/MMSTHpQ=
github.com/team-durumi/hugo-search-fuse-js-aa v0.0.0-20210628094619-e3ae4cfbf0b6/go.mod h1:DDfMJGftuK8bUsDJdl3nM/vlzAvSjVNi2IejQleS5tY=
github.com/team-durumi/tailwind-aa-theme v0.0.0-20211019051131-8cb8ab318bb7 h1:iOB1dytjWnp4XbxoVceXik9eTsny4Abqmwz+/dIfyGE=
github.com/team-durumi/tailwind-aa-theme v0.0.0-20211019051131-8cb8ab318bb7/go.mod h1:vdKTWy/bSPbxjMX5JeEQg9oJPwrxQDu5I+f2iWfiaR0=
